
Microsoft Visual Studio Solution File, Format Version 12.00
# Visual Studio Version 16
VisualStudioVersion = 16.0.31424.327
MinimumVisualStudioVersion = 10.0.40219.1
Project("{FAE04EC0-301F-11D3-BF4B-00C04F79EFBC}") = "WpfApp3", "WpfApp3\WpfApp3.csproj", "{51C84E81-51F6-40F6-8653-77D42575449A}"
EndProject
Global
	GlobalSection(SolutionConfigurationPlatforms) = preSolution
		Debug|Any CPU = Debug|Any CPU
		Release|Any CPU = Release|Any CPU
	EndGlobalSection
	GlobalSection(ProjectConfigurationPlatforms) = postSolution
		{51C84E81-51F6-40F6-8653-77D42575449A}.Debug|Any CPU.ActiveCfg = Debug|Any CPU
		{51C84E81-51F6-40F6-8653-77D42575449A}.Debug|Any CPU.Build.0 = Debug|Any CPU
		{51C84E81-51F6-40F6-8653-77D42575449A}.Release|Any CPU.ActiveCfg = Release|Any CPU
		{51C84E81-51F6-40F6-8653-77D42575449A}.Release|Any CPU.Build.0 = Release|Any CPU
	EndGlobalSection
	GlobalSection(SolutionProperties) = preSolution
		HideSolutionNode = FALSE
	EndGlobalSection
	GlobalSection(ExtensibilityGlobals) = postSolution
		SolutionGuid = {2A69A43D-909F-4389-A454-9A668C026102}
	EndGlobalSection
EndGlobal
