
Microsoft Visual Studio Solution File, Format Version 12.00
# Visual Studio Version 16
VisualStudioVersion = 16.0.31424.327
MinimumVisualStudioVersion = 10.0.40219.1
Project("{FAE04EC0-301F-11D3-BF4B-00C04F79EFBC}") = "WindowsFormsApp6", "WindowsFormsApp6\WindowsFormsApp6.csproj", "{35AEF5D7-2280-46E4-8D2C-B96C1C9FFE51}"
EndProject
Global
	GlobalSection(SolutionConfigurationPlatforms) = preSolution
		Debug|Any CPU = Debug|Any CPU
		Release|Any CPU = Release|Any CPU
	EndGlobalSection
	GlobalSection(ProjectConfigurationPlatforms) = postSolution
		{35AEF5D7-2280-46E4-8D2C-B96C1C9FFE51}.Debug|Any CPU.ActiveCfg = Debug|Any CPU
		{35AEF5D7-2280-46E4-8D2C-B96C1C9FFE51}.Debug|Any CPU.Build.0 = Debug|Any CPU
		{35AEF5D7-2280-46E4-8D2C-B96C1C9FFE51}.Release|Any CPU.ActiveCfg = Release|Any CPU
		{35AEF5D7-2280-46E4-8D2C-B96C1C9FFE51}.Release|Any CPU.Build.0 = Release|Any CPU
	EndGlobalSection
	GlobalSection(SolutionProperties) = preSolution
		HideSolutionNode = FALSE
	EndGlobalSection
	GlobalSection(ExtensibilityGlobals) = postSolution
		SolutionGuid = {B5EA98DB-46EB-47B3-B3D8-2CCC533590F8}
	EndGlobalSection
EndGlobal
