
Microsoft Visual Studio Solution File, Format Version 12.00
# Visual Studio Version 16
VisualStudioVersion = 16.0.31424.327
MinimumVisualStudioVersion = 10.0.40219.1
Project("{FAE04EC0-301F-11D3-BF4B-00C04F79EFBC}") = "WpfApp4", "WpfApp4\WpfApp4.csproj", "{AE16B3FF-0590-479D-9436-314E2F532F42}"
EndProject
Global
	GlobalSection(SolutionConfigurationPlatforms) = preSolution
		Debug|Any CPU = Debug|Any CPU
		Release|Any CPU = Release|Any CPU
	EndGlobalSection
	GlobalSection(ProjectConfigurationPlatforms) = postSolution
		{AE16B3FF-0590-479D-9436-314E2F532F42}.Debug|Any CPU.ActiveCfg = Debug|Any CPU
		{AE16B3FF-0590-479D-9436-314E2F532F42}.Debug|Any CPU.Build.0 = Debug|Any CPU
		{AE16B3FF-0590-479D-9436-314E2F532F42}.Release|Any CPU.ActiveCfg = Release|Any CPU
		{AE16B3FF-0590-479D-9436-314E2F532F42}.Release|Any CPU.Build.0 = Release|Any CPU
	EndGlobalSection
	GlobalSection(SolutionProperties) = preSolution
		HideSolutionNode = FALSE
	EndGlobalSection
	GlobalSection(ExtensibilityGlobals) = postSolution
		SolutionGuid = {FBA19BF8-4D06-4036-902B-C181CBF49629}
	EndGlobalSection
EndGlobal
